# @generated by Move, please check-in and do not edit manually.

[move]
version = 2
manifest_digest = "834363F8C6D68A00811588FC2610F99417FD6D5A83D4F443879B4F671C2DC0A1"
deps_digest = "F8BBB0CCB2491CA29A3DF03D6F92277A4F3574266507ACD77214D37ECA3F3082"
dependencies = [
  { name = "Sui" },
]

[[move.package]]
name = "MoveStdlib"
source = { git = "https://github.com/MystenLabs/sui.git", rev = "framework/devnet", subdir = "crates/sui-framework/packages/move-stdlib" }

[[move.package]]
name = "Sui"
source = { git = "https://github.com/MystenLabs/sui.git", rev = "framework/devnet", subdir = "crates/sui-framework/packages/sui-framework" }

dependencies = [
  { name = "MoveStdlib" },
]

[move.toolchain-version]
compiler-version = "1.29.2"
edition = "2024.beta"
flavor = "sui"

[env]

[env.testnet]
chain-id = "4c78adac"
original-published-id = "0xbe86a5bd42ea194d6304bcf414ea2cf44778bf1b37f5c756c32e00dff81cbe8a"
latest-published-id = "0xbe86a5bd42ea194d6304bcf414ea2cf44778bf1b37f5c756c32e00dff81cbe8a"
published-version = "1"
